# This file is automatically @generated by Cargo.
# It is not intended for manual editing.
version = 3

[[package]]
name = "tc"
version = "0.1.0"
dependencies = [
 "tc_prng",
 "tc_triple_buffer",
]

[[package]]
name = "tc_prng"
version = "0.1.0"

[[package]]
name = "tc_triple_buffer"
version = "0.1.0"
